
Microsoft Visual Studio Solution File, Format Version 12.00
# Visual Studio Version 17
VisualStudioVersion = 17.8.34330.188
MinimumVisualStudioVersion = 10.0.40219.1
Project("{FAE04EC0-301F-11D3-BF4B-00C04F79EFBC}") = "Mission2", "Mission2.csproj", "{FB3C9182-5128-4356-A67B-FEE513426F9A}"
EndProject
Global
	GlobalSection(SolutionConfigurationPlatforms) = preSolution
		Debug|Any CPU = Debug|Any CPU
		Release|Any CPU = Release|Any CPU
	EndGlobalSection
	GlobalSection(ProjectConfigurationPlatforms) = postSolution
		{FB3C9182-5128-4356-A67B-FEE513426F9A}.Debug|Any CPU.ActiveCfg = Debug|Any CPU
		{FB3C9182-5128-4356-A67B-FEE513426F9A}.Debug|Any CPU.Build.0 = Debug|Any CPU
		{FB3C9182-5128-4356-A67B-FEE513426F9A}.Release|Any CPU.ActiveCfg = Release|Any CPU
		{FB3C9182-5128-4356-A67B-FEE513426F9A}.Release|Any CPU.Build.0 = Release|Any CPU
	EndGlobalSection
	GlobalSection(SolutionProperties) = preSolution
		HideSolutionNode = FALSE
	EndGlobalSection
	GlobalSection(ExtensibilityGlobals) = postSolution
		SolutionGuid = {0D89BF5C-DA68-4AF7-BA2E-246F4C20FF3F}
	EndGlobalSection
EndGlobal
